{
  "name": "galhui",
  "version": "1.1.4",
  "lockfileVersion": 3,
  "requires": true,
  "packages": {
    "": {
      "name": "galhui",
      "version": "1.1.4",
      "license": "ISC",
      "dependencies": {
        "csstype": "^3.0.11",
        "galho": ""
      }
    },
    "node_modules/csstype": {
      "version": "3.0.11",
      "license": "MIT"
    },
    "node_modules/galho": {
      "version": "3.0.6",
      "resolved": "https://registry.npmjs.org/galho/-/galho-3.0.6.tgz",
      "integrity": "sha512-nDbfXdwKI4fkmwXPrWw5PwOH31oxnVgoP9tceurH3i3hSS8UIl9Wo7bdx9t5WvbbP8R5xKUNy+PA+KHqFF0SNQ==",
      "optionalDependencies": {
        "csstype": "*"
      }
    }
  }
}
