{
  "name": "galhui",
  "version": "1.0.0",
  "lockfileVersion": 2,
  "requires": true,
  "packages": {
    "": {
      "name": "galhui",
      "version": "1.0.0",
      "license": "ISC",
      "dependencies": {
        "csstype": "^3.0.11",
        "dic": "file:../dic",
        "galho": "file:../galho",
        "handler": "file:../handler",
        "inutil": "file:../inutil",
        "orray": "file:../orray"
      }
    },
    "../dic": {
      "version": "1.0.0",
      "license": "ISC"
    },
    "../galho": {
      "version": "1.0.3",
      "integrity": "sha512-rc/8FUz7T/lO/5kMMd8F8bXAjACmVdN9rmdYdJUuzjLAvxAOAtp/1Bv3Mx0BKolmQZ/vA070AAP0JAjTj9bgvg==",
      "license": "MIT",
      "dependencies": {
        "handler": "file:../handler"
      },
      "devDependencies": {},
      "optionalDependencies": {
        "csstype": "*"
      }
    },
    "../galho/node_modules/csstype": {
      "version": "3.0.8",
      "resolved": "https://registry.npmjs.org/csstype/-/csstype-3.0.8.tgz",
      "integrity": "sha512-jXKhWqXPmlUeoQnF/EhTtTl4C9SnrxSH/jZUih3jmO6lBKr99rP3/+FmrMj4EFpOXzMtXHAZkd3x0E6h6Fgflw==",
      "optional": true
    },
    "../handler": {
      "version": "1.0.0",
      "license": "ISC"
    },
    "../inutil": {
      "version": "1.0.3",
      "integrity": "sha512-2Fc1Ojgkd/It1NnuO0WXfGWO29BFNuPmDx05aaqPa8K5lc6jQaTJQFgWafwfAdbsObWkJhdv6QDslP08g3GtPw==",
      "license": "ISC"
    },
    "../orray": {
      "version": "1.0.1",
      "integrity": "sha512-GtSvdY42wGIeUWOm2YAjEjlWKCPErwmH5HtTlzC6MAvsaUskS9E27rrZ8dSiPReixCe/ktsv6cmN2AaVsUZHYw==",
      "license": "ISC",
      "dependencies": {
        "handler": "file:../handler"
      },
      "devDependencies": {}
    },
    "node_modules/csstype": {
      "version": "3.0.11",
      "resolved": "https://registry.npmjs.org/csstype/-/csstype-3.0.11.tgz",
      "integrity": "sha512-sa6P2wJ+CAbgyy4KFssIb/JNMLxFvKF1pCYCSXS8ZMuqZnMsrxqI2E5sPyoTpxoPU/gVZMzr2zjOfg8GIZOMsw=="
    },
    "node_modules/dic": {
      "resolved": "../dic",
      "link": true
    },
    "node_modules/galho": {
      "resolved": "../galho",
      "link": true
    },
    "node_modules/handler": {
      "resolved": "../handler",
      "link": true
    },
    "node_modules/inutil": {
      "resolved": "../inutil",
      "link": true
    },
    "node_modules/orray": {
      "resolved": "../orray",
      "link": true
    }
  },
  "dependencies": {
    "csstype": {
      "version": "3.0.11",
      "resolved": "https://registry.npmjs.org/csstype/-/csstype-3.0.11.tgz",
      "integrity": "sha512-sa6P2wJ+CAbgyy4KFssIb/JNMLxFvKF1pCYCSXS8ZMuqZnMsrxqI2E5sPyoTpxoPU/gVZMzr2zjOfg8GIZOMsw=="
    },
    "dic": {
      "version": "file:../dic"
    },
    "galho": {
      "version": "file:../galho",
      "requires": {
        "csstype": "*",
        "handler": "file:../handler"
      },
      "dependencies": {
        "csstype": {
          "version": "3.0.8",
          "resolved": "https://registry.npmjs.org/csstype/-/csstype-3.0.8.tgz",
          "integrity": "sha512-jXKhWqXPmlUeoQnF/EhTtTl4C9SnrxSH/jZUih3jmO6lBKr99rP3/+FmrMj4EFpOXzMtXHAZkd3x0E6h6Fgflw==",
          "optional": true
        }
      }
    },
    "handler": {
      "version": "file:../handler"
    },
    "inutil": {
      "version": "file:../inutil"
    },
    "orray": {
      "version": "file:../orray",
      "requires": {
        "handler": "file:../handler"
      }
    }
  }
}
